{"SurveyEntry":{"SurveyID":"SV_b2wUskaQKWuSgvj","SurveyName":"Tiger Mom Study","SurveyDescription":null,"SurveyOwnerID":"UR_7OFAxhWHFcDL6XG","SurveyBrandID":"stanforduniversity","DivisionID":null,"SurveyLanguage":"EN","SurveyActiveResponseSet":"RS_4VoKE42rg1JnNJz","SurveyStatus":"Inactive","SurveyStartDate":"0000-00-00 00:00:00","SurveyExpirationDate":"0000-00-00 00:00:00","SurveyCreationDate":"2015-02-15 02:53:30","CreatorID":"UR_7OFAxhWHFcDL6XG","LastModified":"2015-02-15 03:29:26","LastAccessed":"0000-00-00 00:00:00","LastActivated":"0000-00-00 00:00:00","Deleted":null},"SurveyElements":[{"SurveyID":"SV_b2wUskaQKWuSgvj","Element":"BL","PrimaryAttribute":"Survey Blocks","SecondaryAttribute":null,"TertiaryAttribute":null,"Payload":{"1":{"Type":"Trash","Description":"Trash \/ Unused Questions","ID":"BL_8B5hUBQuXslfT1j","BlockElements":[{"Type":"Question","QuestionID":"QID111"},{"Type":"Question","QuestionID":"QID103"},{"Type":"Question","QuestionID":"QID102"},{"Type":"Question","QuestionID":"QID110"},{"Type":"Question","QuestionID":"QID112"},{"Type":"Question","QuestionID":"QID108"},{"Type":"Question","QuestionID":"QID113"}]},"2":{"Type":"Standard","SubType":"","Description":"Word Puzzle Task Instructions","ID":"BL_6g7XKeFi6f6BWDj","BlockElements":[{"Type":"Question","QuestionID":"QID70"},{"Type":"Question","QuestionID":"QID71"},{"Type":"Page Break"},{"Type":"Question","QuestionID":"QID72"},{"Type":"Question","QuestionID":"QID73"},{"Type":"Page Break"},{"Type":"Question","QuestionID":"QID74"},{"Type":"Question","QuestionID":"QID75"}]},"3":{"Type":"Standard","SubType":"","Description":"Part 1 Block 1 of 4","ID":"BL_2tbqEvqgzme1tkx","BlockElements":[{"Type":"Question","QuestionID":"QID76"},{"Type":"Question","QuestionID":"QID77"},{"Type":"Question","QuestionID":"QID78"},{"Type":"Question","QuestionID":"QID79"}]},"4":{"Type":"Standard","SubType":"","Description":"Part 1 Block 2 of 4","ID":"BL_bKkDQl2R4VZop1P","BlockElements":[{"Type":"Question","QuestionID":"QID80"},{"Type":"Question","QuestionID":"QID81"},{"Type":"Question","QuestionID":"QID82"},{"Type":"Question","QuestionID":"QID83"}]},"5":{"Type":"Standard","SubType":"","Description":"Part 1 Block 3 of 4","ID":"BL_868HQYfEQmBzSgl","BlockElements":[{"Type":"Question","QuestionID":"QID84"},{"Type":"Question","QuestionID":"QID85"},{"Type":"Question","QuestionID":"QID86"},{"Type":"Question","QuestionID":"QID87"}]},"6":{"Type":"Standard","SubType":"","Description":"Part 1 Block 4 of 4","ID":"BL_1ERy0RL52M7wE4Z","BlockElements":[{"Type":"Question","QuestionID":"QID88"},{"Type":"Question","QuestionID":"QID89"},{"Type":"Question","QuestionID":"QID90"},{"Type":"Question","QuestionID":"QID91"}]},"7":{"Type":"Standard","SubType":"","Description":"Word Puzzle Results","ID":"BL_eerBsKxHZ9x0qhf","BlockElements":[{"Type":"Question","QuestionID":"QID92"},{"Type":"Question","QuestionID":"QID93"},{"Type":"Page Break"},{"Type":"Question","QuestionID":"QID94"},{"Type":"Question","QuestionID":"QID95"},{"Type":"Page Break"},{"Type":"Question","QuestionID":"QID96"},{"Type":"Question","QuestionID":"QID97"},{"Type":"Question","QuestionID":"QID98"},{"Type":"Question","QuestionID":"QID99"},{"Type":"Question","QuestionID":"QID100"},{"Type":"Question","QuestionID":"QID101"}]},"8":{"Type":"Standard","SubType":"","Description":"Mother Description Task","ID":"BL_6mvjUVBUj3F4TYh","BlockElements":[{"Type":"Question","QuestionID":"QID104"},{"Type":"Question","QuestionID":"QID105"},{"Type":"Question","QuestionID":"QID106"},{"Type":"Question","QuestionID":"QID107"},{"Type":"Question","QuestionID":"QID109"}]},"9":{"Type":"Standard","SubType":"","Description":"Word Puzzle Task Part 2 Instructions","ID":"BL_3lxSCogAxE2RLo1","BlockElements":[{"Type":"Question","QuestionID":"QID114"},{"Type":"Question","QuestionID":"QID115"}]},"10":{"Type":"Standard","SubType":"","Description":"Part 2 Block 1 of 4","ID":"BL_b3N1mY4y2LD0VGB","BlockElements":[{"Type":"Question","QuestionID":"QID116"},{"Type":"Question","QuestionID":"QID117"},{"Type":"Question","QuestionID":"QID118"},{"Type":"Question","QuestionID":"QID119"}]},"11":{"Type":"Standard","SubType":"","Description":"Part 2 Block 2 of 4","ID":"BL_4Jy5L2sEEkoQ8It","BlockElements":[{"Type":"Question","QuestionID":"QID120"},{"Type":"Question","QuestionID":"QID121"},{"Type":"Question","QuestionID":"QID122"},{"Type":"Question","QuestionID":"QID123"}]},"12":{"Type":"Standard","SubType":"","Description":"Part 2 Block 3 of 4","ID":"BL_5uwU4v4WrdpqSHz","BlockElements":[{"Type":"Question","QuestionID":"QID124"},{"Type":"Question","QuestionID":"QID125"},{"Type":"Question","QuestionID":"QID126"},{"Type":"Question","QuestionID":"QID127"}]},"13":{"Type":"Standard","SubType":"","Description":"Part 2 Block 4 of 4","ID":"BL_38FeU9mOKqDK4gl","BlockElements":[{"Type":"Question","QuestionID":"QID128"},{"Type":"Question","QuestionID":"QID129"},{"Type":"Question","QuestionID":"QID130"},{"Type":"Question","QuestionID":"QID131"}]},"14":{"Type":"Standard","SubType":"","Description":"Word Puzzle Part 2 Questions","ID":"BL_d6GrWR1tk3pEK8J","BlockElements":[{"Type":"Question","QuestionID":"QID132"},{"Type":"Question","QuestionID":"QID133"},{"Type":"Question","QuestionID":"QID134"},{"Type":"Question","QuestionID":"QID135"},{"Type":"Question","QuestionID":"QID136"},{"Type":"Question","QuestionID":"QID137"}]}}},{"SurveyID":"SV_b2wUskaQKWuSgvj","Element":"FL","PrimaryAttribute":"Survey Flow","SecondaryAttribute":null,"TertiaryAttribute":null,"Payload":{"Type":"Root","FlowID":"FL_1","Flow":[{"Type":"Standard","ID":"BL_6g7XKeFi6f6BWDj","FlowID":"FL_3"},{"Type":"Standard","ID":"BL_2tbqEvqgzme1tkx","FlowID":"FL_4"},{"Type":"Branch","FlowID":"FL_17","Description":"New Branch","BranchLogic":{"0":{"0":{"LogicType":"Question","QuestionID":"QID79","QuestionIsInLoop":"no","ChoiceLocator":"q:\/\/QID79\/ChoiceTextEntryValue","Operator":"Empty","QuestionIDFromLocator":"QID79","LeftOperand":"q:\/\/QID79\/ChoiceTextEntryValue","Type":"Expression","Description":"<span class=\"ConjDesc\">If<\/span> <span class=\"QuestionDesc\">.<\/span> <span class=\"LeftOpDesc\">Text Response<\/span> Is <span class=\"OpDesc\">Empty<\/span> "},"Type":"If"},"Type":"BooleanExpression"},"Flow":[{"Type":"Standard","ID":"BL_bKkDQl2R4VZop1P","FlowID":"FL_5"},{"Type":"Branch","FlowID":"FL_18","Description":"New Branch","BranchLogic":{"0":{"0":{"LogicType":"Question","QuestionID":"QID83","QuestionIsInLoop":"no","ChoiceLocator":"q:\/\/QID83\/ChoiceTextEntryValue","Operator":"Empty","QuestionIDFromLocator":"QID83","LeftOperand":"q:\/\/QID83\/ChoiceTextEntryValue","Type":"Expression","Description":"<span class=\"ConjDesc\">If<\/span> <span class=\"QuestionDesc\">.<\/span> <span class=\"LeftOpDesc\">Text Response<\/span> Is <span class=\"OpDesc\">Empty<\/span> "},"Type":"If"},"Type":"BooleanExpression"},"Flow":[{"Type":"Standard","ID":"BL_868HQYfEQmBzSgl","FlowID":"FL_6"},{"Type":"Branch","FlowID":"FL_19","Description":"New Branch","BranchLogic":{"0":{"0":{"LogicType":"Question","QuestionID":"QID87","QuestionIsInLoop":"no","ChoiceLocator":"q:\/\/QID87\/ChoiceTextEntryValue","Operator":"Empty","QuestionIDFromLocator":"QID87","LeftOperand":"q:\/\/QID87\/ChoiceTextEntryValue","Type":"Expression","Description":"<span class=\"ConjDesc\">If<\/span> <span class=\"QuestionDesc\">.<\/span> <span class=\"LeftOpDesc\">Text Response<\/span> Is <span class=\"OpDesc\">Empty<\/span> "},"Type":"If"},"Type":"BooleanExpression"},"Flow":[{"Type":"Standard","ID":"BL_1ERy0RL52M7wE4Z","FlowID":"FL_7"}]}]}]},{"Type":"Standard","ID":"BL_eerBsKxHZ9x0qhf","FlowID":"FL_8"},{"Type":"Standard","ID":"BL_6mvjUVBUj3F4TYh","FlowID":"FL_10"},{"Type":"Standard","ID":"BL_3lxSCogAxE2RLo1","FlowID":"FL_11"},{"Type":"Standard","ID":"BL_b3N1mY4y2LD0VGB","FlowID":"FL_12"},{"Type":"Branch","FlowID":"FL_20","Description":"New Branch","BranchLogic":{"0":{"0":{"LogicType":"Question","QuestionID":"QID119","QuestionIsInLoop":"no","ChoiceLocator":"q:\/\/QID119\/ChoiceTextEntryValue","Operator":"Empty","QuestionIDFromLocator":"QID119","LeftOperand":"q:\/\/QID119\/ChoiceTextEntryValue","Type":"Expression","Description":"<span class=\"ConjDesc\">If<\/span> <span class=\"QuestionDesc\">Please\nclick \u201cContinue\u201d\nto move on.<\/span> <span class=\"LeftOpDesc\">Text Response<\/span> Is <span class=\"OpDesc\">Empty<\/span> "},"Type":"If"},"Type":"BooleanExpression"},"Flow":[{"Type":"Standard","ID":"BL_4Jy5L2sEEkoQ8It","FlowID":"FL_13"},{"Type":"Branch","FlowID":"FL_21","Description":"New Branch","BranchLogic":{"0":{"0":{"LogicType":"Question","QuestionID":"QID123","QuestionIsInLoop":"no","ChoiceLocator":"q:\/\/QID123\/ChoiceTextEntryValue","Operator":"Empty","QuestionIDFromLocator":"QID123","LeftOperand":"q:\/\/QID123\/ChoiceTextEntryValue","Type":"Expression","Description":"<span class=\"ConjDesc\">If<\/span> <span class=\"QuestionDesc\">Please\nclick \u201cContinue\u201d\nto move on.<\/span> <span class=\"LeftOpDesc\">Text Response<\/span> Is <span class=\"OpDesc\">Empty<\/span> "},"Type":"If"},"Type":"BooleanExpression"},"Flow":[{"Type":"Standard","ID":"BL_5uwU4v4WrdpqSHz","FlowID":"FL_14"},{"Type":"Branch","FlowID":"FL_22","Description":"New Branch","BranchLogic":{"0":{"0":{"LogicType":"Question","QuestionID":"QID127","QuestionIsInLoop":"no","ChoiceLocator":"q:\/\/QID127\/ChoiceTextEntryValue","Operator":"Empty","QuestionIDFromLocator":"QID127","LeftOperand":"q:\/\/QID127\/ChoiceTextEntryValue","Type":"Expression","Description":"<span class=\"ConjDesc\">If<\/span> <span class=\"QuestionDesc\">Please\nclick \u201cContinue\u201d\nto move on.<\/span> <span class=\"LeftOpDesc\">Text Response<\/span> Is <span class=\"OpDesc\">Empty<\/span> "},"Type":"If"},"Type":"BooleanExpression"},"Flow":[{"Type":"Standard","ID":"BL_38FeU9mOKqDK4gl","FlowID":"FL_15"}]}]}]},{"Type":"Standard","ID":"BL_d6GrWR1tk3pEK8J","FlowID":"FL_16"}],"Properties":{"Count":22}}},{"SurveyID":"SV_b2wUskaQKWuSgvj","Element":"SO","PrimaryAttribute":"Survey Options","SecondaryAttribute":null,"TertiaryAttribute":null,"Payload":{"BackButton":"false","SaveAndContinue":"true","SurveyProtection":"PublicSurvey","BallotBoxStuffingPrevention":"false","NoIndex":"Yes","SurveyExpiration":"None","SurveyTermination":"DefaultMessage","Header":"","Footer":"","ProgressBarDisplay":"None","PartialData":"+1 week","ValidationMessage":"","PreviousButton":"  <<  ","NextButton":"  >>  ","SkinLibrary":"stanforduniversity","SkinType":"MQ","Skin":"stanfordbasic02","NewScoring":1,"PreferJFE":false}},{"SurveyID":"SV_b2wUskaQKWuSgvj","Element":"SCO","PrimaryAttribute":"Scoring","SecondaryAttribute":null,"TertiaryAttribute":null,"Payload":{"ScoringCategories":[],"ScoringCategoryGroups":[],"ScoringSummaryCategory":null,"ScoringSummaryAfterQuestions":0,"ScoringSummaryAfterSurvey":0,"DefaultScoringCategory":null,"AutoScoringCategory":null}},{"SurveyID":"SV_b2wUskaQKWuSgvj","Element":"STAT","PrimaryAttribute":"Survey Statistics","SecondaryAttribute":null,"TertiaryAttribute":null,"Payload":{"MobileCompatible":true,"ID":"Survey Statistics"}},{"SurveyID":"SV_b2wUskaQKWuSgvj","Element":"SQ","PrimaryAttribute":"QID79","SecondaryAttribute":".","TertiaryAttribute":null,"Payload":{"QuestionText":"<span style=\"color:#ffffff;\">.<\/span>","DefaultChoices":false,"DataExportTag":"Q89","QuestionType":"TE","Selector":"SL","Configuration":{"QuestionDescriptionOption":"UseText"},"QuestionDescription":".","Validation":{"Settings":{"ForceResponse":"OFF","ForceResponseType":"ON","Type":"None"}},"GradingData":[],"Language":[],"QuestionID":"QID79"}},{"SurveyID":"SV_b2wUskaQKWuSgvj","Element":"SQ","PrimaryAttribute":"QID83","SecondaryAttribute":".","TertiaryAttribute":null,"Payload":{"QuestionText":"<span style=\"color:#ffffff;\">.<\/span>","DefaultChoices":false,"DataExportTag":"Q97","QuestionType":"TE","Selector":"SL","Configuration":{"QuestionDescriptionOption":"UseText"},"QuestionDescription":".","Validation":{"Settings":{"ForceResponse":"OFF","ForceResponseType":"ON","Type":"None"}},"GradingData":[],"Language":[],"QuestionID":"QID83"}},{"SurveyID":"SV_b2wUskaQKWuSgvj","Element":"SQ","PrimaryAttribute":"QID87","SecondaryAttribute":".","TertiaryAttribute":null,"Payload":{"QuestionText":"<span style=\"color:#ffffff;\">.<\/span>","DefaultChoices":false,"DataExportTag":"Q105","QuestionType":"TE","Selector":"SL","Configuration":{"QuestionDescriptionOption":"UseText"},"QuestionDescription":".","Validation":{"Settings":{"ForceResponse":"OFF","ForceResponseType":"ON","Type":"None"}},"GradingData":[],"Language":[],"QuestionID":"QID87"}},{"SurveyID":"SV_b2wUskaQKWuSgvj","Element":"SQ","PrimaryAttribute":"QID91","SecondaryAttribute":".","TertiaryAttribute":null,"Payload":{"QuestionText":"<span style=\"color:#ffffff;\">.<\/span>","DefaultChoices":false,"DataExportTag":"Q113","QuestionType":"TE","Selector":"SL","Configuration":{"QuestionDescriptionOption":"UseText"},"QuestionDescription":".","Validation":{"Settings":{"ForceResponse":"OFF","ForceResponseType":"ON","Type":"None"}},"GradingData":[],"Language":[],"QuestionID":"QID91"}},{"SurveyID":"SV_b2wUskaQKWuSgvj","Element":"SQ","PrimaryAttribute":"QID119","SecondaryAttribute":".","TertiaryAttribute":null,"Payload":{"QuestionText":"<span style=\"color:#ffffff;\">.<\/span>","DefaultChoices":false,"DataExportTag":"Q56","QuestionType":"TE","Selector":"SL","Configuration":{"QuestionDescriptionOption":"UseText"},"QuestionDescription":".","Validation":{"Settings":{"ForceResponse":"OFF","ForceResponseType":"ON","Type":"None"}},"GradingData":[],"Language":[],"QuestionID":"QID119"}},{"SurveyID":"SV_b2wUskaQKWuSgvj","Element":"SQ","PrimaryAttribute":"QID123","SecondaryAttribute":".","TertiaryAttribute":null,"Payload":{"QuestionText":"<span style=\"color:#ffffff;\">.<\/span>","DefaultChoices":false,"DataExportTag":"Q64","QuestionType":"TE","Selector":"SL","Configuration":{"QuestionDescriptionOption":"UseText"},"QuestionDescription":".","Validation":{"Settings":{"ForceResponse":"OFF","ForceResponseType":"ON","Type":"None"}},"GradingData":[],"Language":[],"QuestionID":"QID123"}},{"SurveyID":"SV_b2wUskaQKWuSgvj","Element":"SQ","PrimaryAttribute":"QID127","SecondaryAttribute":".","TertiaryAttribute":null,"Payload":{"QuestionText":"<span style=\"color:#ffffff;\">.<\/span>","DefaultChoices":false,"DataExportTag":"Q72","QuestionType":"TE","Selector":"SL","Configuration":{"QuestionDescriptionOption":"UseText"},"QuestionDescription":".","Validation":{"Settings":{"ForceResponse":"OFF","ForceResponseType":"ON","Type":"None"}},"GradingData":[],"Language":[],"QuestionID":"QID127"}},{"SurveyID":"SV_b2wUskaQKWuSgvj","Element":"SQ","PrimaryAttribute":"QID131","SecondaryAttribute":".","TertiaryAttribute":null,"Payload":{"QuestionText":"<span style=\"color:#ffffff;\">.<\/span>","DefaultChoices":false,"DataExportTag":"Q80","QuestionType":"TE","Selector":"SL","Configuration":{"QuestionDescriptionOption":"UseText"},"QuestionDescription":".","Validation":{"Settings":{"ForceResponse":"OFF","ForceResponseType":"ON","Type":"None"}},"GradingData":[],"Language":[],"QuestionID":"QID131"}},{"SurveyID":"SV_b2wUskaQKWuSgvj","Element":"SQ","PrimaryAttribute":"QID98","SecondaryAttribute":"1. Overall, how do you feel about how you did on the task?\u00a0","TertiaryAttribute":null,"Payload":{"QuestionText":"<p>1. Overall, how do you feel about how you did on the task?&nbsp;<\/p><p><br><\/p>","DataExportTag":"Q127","QuestionType":"MC","Selector":"SAHR","SubSelector":"TX","Configuration":{"QuestionDescriptionOption":"UseText","LabelPosition":"BELOW"},"QuestionDescription":"1. Overall, how do you feel about how you did on the task?\u00a0","Choices":{"1":{"Display":"Extremely Displeased"},"2":{"Display":"Very Displeased"},"3":{"Display":"Somewhat Displeased"},"4":{"Display":"Neutral"},"5":{"Display":"Somewhat Pleased"},"6":{"Display":"Very Pleased"},"7":{"Display":"Extremely Pleased"}},"ChoiceOrder":["1","2","3","4","5","6","7"],"Validation":{"Settings":{"ForceResponse":"ON","ForceResponseType":"ON","Type":"None"}},"Language":[],"QuestionID":"QID98"}},{"SurveyID":"SV_b2wUskaQKWuSgvj","Element":"SQ","PrimaryAttribute":"QID134","SecondaryAttribute":"1. Overall, how do you feel about how you did on the task?\u00a0","TertiaryAttribute":null,"Payload":{"QuestionText":"<p>1. Overall, how do you feel about how you did on the task?&nbsp;<\/p><p><br><\/p>","DataExportTag":"Q86","QuestionType":"MC","Selector":"SAHR","SubSelector":"TX","Configuration":{"QuestionDescriptionOption":"UseText","LabelPosition":"BELOW"},"QuestionDescription":"1. Overall, how do you feel about how you did on the task?\u00a0","Choices":{"1":{"Display":"Extremely Displeased"},"2":{"Display":"Very Displeased"},"3":{"Display":"Somewhat Displeased"},"4":{"Display":"Neutral"},"5":{"Display":"Somewhat Pleased"},"6":{"Display":"Very Pleased"},"7":{"Display":"Extremely Pleased"}},"ChoiceOrder":["1","2","3","4","5","6","7"],"Validation":{"Settings":{"ForceResponse":"ON","ForceResponseType":"ON","Type":"None"}},"Language":[],"QuestionID":"QID134"}},{"SurveyID":"SV_b2wUskaQKWuSgvj","Element":"QC","PrimaryAttribute":"Survey Question Count","SecondaryAttribute":"137","TertiaryAttribute":null,"Payload":null},{"SurveyID":"SV_b2wUskaQKWuSgvj","Element":"SQ","PrimaryAttribute":"QID99","SecondaryAttribute":"2. Overall, how well do you think\u00a0you think you did on the\ntask?\nOn the task, I did...","TertiaryAttribute":null,"Payload":{"QuestionText":"2. Overall, how well do you think&nbsp;you think you did on the task?<br><br>On the task, I did...<div><br><\/div>","DataExportTag":"Q129","QuestionType":"MC","Selector":"SAHR","SubSelector":"TX","Configuration":{"QuestionDescriptionOption":"UseText","LabelPosition":"BELOW"},"QuestionDescription":"2. Overall, how well do you think\u00a0you think you did on the\ntask?\nOn the task, I did...","Choices":{"1":{"Display":"Extremely badly"},"2":{"Display":"Very badly"},"3":{"Display":"Somewhat badly"},"4":{"Display":"Neither badly nor well"},"5":{"Display":"Somewhat well"},"6":{"Display":"Very well"},"7":{"Display":"Extremely well"}},"ChoiceOrder":["1","2","3","4","5","6","7"],"Validation":{"Settings":{"ForceResponse":"ON","ForceResponseType":"ON","Type":"None"}},"Language":[],"QuestionID":"QID99"}},{"SurveyID":"SV_b2wUskaQKWuSgvj","Element":"SQ","PrimaryAttribute":"QID135","SecondaryAttribute":"2. Overall, how well do you think\u00a0you think you did on the\ntask?\nOn the task, I did...","TertiaryAttribute":null,"Payload":{"QuestionText":"2. Overall, how well do you think&nbsp;you think you did on the task?<br><br>On the task, I did...<div><br><\/div>","DataExportTag":"Q88","QuestionType":"MC","Selector":"SAHR","SubSelector":"TX","Configuration":{"QuestionDescriptionOption":"UseText","LabelPosition":"BELOW"},"QuestionDescription":"2. Overall, how well do you think\u00a0you think you did on the\ntask?\nOn the task, I did...","Choices":{"1":{"Display":"Extremely badly"},"2":{"Display":"Very badly"},"3":{"Display":"Somewhat badly"},"4":{"Display":"Neither badly nor well"},"5":{"Display":"Somewhat well"},"6":{"Display":"Very well"},"7":{"Display":"Extremely well"}},"ChoiceOrder":["1","2","3","4","5","6","7"],"Validation":{"Settings":{"ForceResponse":"ON","ForceResponseType":"ON","Type":"None"}},"Language":[],"QuestionID":"QID135"}},{"SurveyID":"SV_b2wUskaQKWuSgvj","Element":"SQ","PrimaryAttribute":"QID100","SecondaryAttribute":"3. How many anagrams do you think you solved out of 12?","TertiaryAttribute":null,"Payload":{"QuestionText":"3. How many anagrams do you think you solved out of 12?","DataExportTag":"Q131","QuestionType":"TE","Selector":"SL","Configuration":{"QuestionDescriptionOption":"UseText"},"QuestionDescription":"3. How many anagrams do you think you solved out of 12?","Validation":{"Settings":{"ForceResponse":"ON","ForceResponseType":"ON","Type":"ContentType","ContentType":"ValidNumber"}},"Language":[],"QuestionID":"QID100"}},{"SurveyID":"SV_b2wUskaQKWuSgvj","Element":"SQ","PrimaryAttribute":"QID136","SecondaryAttribute":"3. How many anagrams do you think you solved out of 12?","TertiaryAttribute":null,"Payload":{"QuestionText":"3. How many anagrams do you think you solved out of 12?","DataExportTag":"Q90","QuestionType":"TE","Selector":"SL","Configuration":{"QuestionDescriptionOption":"UseText"},"QuestionDescription":"3. How many anagrams do you think you solved out of 12?","Validation":{"Settings":{"ForceResponse":"ON","ForceResponseType":"ON","Type":"ContentType","ContentType":"ValidNumber"}},"Language":[],"QuestionID":"QID136"}},{"SurveyID":"SV_b2wUskaQKWuSgvj","Element":"SQ","PrimaryAttribute":"QID115","SecondaryAttribute":"As in Word Puzzle Task Part 1, you will be presented with blocks\n of three anagrams at a time. If...","TertiaryAttribute":null,"Payload":{"QuestionText":"<p>\n\tAs in Word Puzzle Task Part 1, you will be presented with blocks of three anagrams at a time. If you are not sure of the right answer, feel free to make your best guess and to move on to the next question or block.<\/p>\n<p>\n\t&nbsp;<\/p>\n<p>\n\tPlease note, once you continue on to a new block of anagrams on a new page, you will&nbsp;NOT&nbsp;be able to return to a previous block on a previous page.<\/p>\n<p>&nbsp; &nbsp;<\/p>\n<p>\n\t&nbsp;<\/p>\n<p>\n\tYou have a maximum of 5 minutes to do 4 blocks of anagrams. At the end of 5 minutes, the survey will continue on. Please use your time wisely.<\/p>\n<p>\n\t&nbsp;<\/p>\n<p>\n\tPlease click \u201cContinue\u201d to begin the follow-up task.<\/p>","DefaultChoices":false,"DataExportTag":"Q48","QuestionType":"DB","Selector":"TB","Configuration":{"QuestionDescriptionOption":"UseText"},"QuestionDescription":"As in Word Puzzle Task Part 1, you will be presented with blocks\n of three anagrams at a time. If...","ChoiceOrder":[],"GradingData":[],"Language":[],"QuestionID":"QID115"}},{"SurveyID":"SV_b2wUskaQKWuSgvj","Element":"SQ","PrimaryAttribute":"QID117","SecondaryAttribute":"Block 1 of 4\n\n \u00a0\n\n Please complete as many anagrams as you can. If you are not sure\n of the right..","TertiaryAttribute":null,"Payload":{"QuestionText":"<p style=\"text-align: center\">\n\t<strong>Block 1 of 4<\/strong><\/p>\n<p>\n\t&nbsp;<\/p>\n<p>\n\tPlease complete as many anagrams as you can. If you are not sure of the right answer, please make your best guess and move on to the next question.<\/p>","QuestionJS":"Qualtrics.SurveyEngine.addOnload(function() {\n  \/*\n  * This goes on pages that need a time limit\n  *\/\n  var timelimit = 5 * (60 * 1000);\n  var time = new Date().getTime();\n\n  \/\/ not ideal, but dunno what JS lib they're using\n  var lastSep = $$('div.Separator').pop();\n  var lastQ   = $$('div.QuestionOuter').pop();\n  var input   = $$('div.QuestionOuter input').pop();\n\n  lastSep.style.display = lastQ.style.display = 'none';\n\n  var tstart = Cookie.readCookie('tstart');\n  if (tstart === null) {\n    Cookie.createCookie('tstart', time, 90);\n    var elapsed = 0;\n  } else {\n    var elapsed = time - tstart;\n  }\n\n  function checkRemainingTime() {\n    elapsed += 1000;\n    if (elapsed >= timelimit) {\n    input.value = \"1\";\n    $('NextButton').click();\n    }\n  }\n\n  setInterval(checkRemainingTime, 1000);\n});","DataExportTag":"Q52","QuestionType":"TE","Selector":"FORM","Configuration":{"QuestionDescriptionOption":"UseText"},"QuestionDescription":"Block 1 of 4\n\n \u00a0\n\n Please complete as many anagrams as you can. If you are not sure\n of the right...","Choices":{"1":{"Display":"trail","TextEntry":"true"},"2":{"Display":"strain"},"3":{"Display":"verse"}},"ChoiceOrder":["1","2","3"],"Validation":{"Settings":{"ForceResponseType":"ON","Type":"None"}},"Language":[],"QuestionID":"QID117"}},{"SurveyID":"SV_b2wUskaQKWuSgvj","Element":"SQ","PrimaryAttribute":"QID77","SecondaryAttribute":"Block 1 of 4\n\n \u00a0\n\n Please try to complete as many of these anagrams as you can. If\n you are not s..","TertiaryAttribute":null,"Payload":{"QuestionText":"<P style=\"TEXT-ALIGN: center\"><STRONG>Block 1 of 4<\/STRONG><\/P>\r\n<P style=\"TEXT-ALIGN: center\">&nbsp;<\/P>\r\n<P>Please try to complete as many of these anagrams as you can. If you are not sure of the right answer, please make your best guess and move on to the next question.<\/P>","QuestionJS":"Qualtrics.SurveyEngine.addOnload(function() {\n  \/*\n  * This goes on pages that need a time limit\n  *\/\n  var timelimit = 5 * (60 * 1000);\n  var time = new Date().getTime();\n\n  \/\/ not ideal, but dunno what JS lib they're using\n  var lastSep = $$('div.Separator').pop();\n  var lastQ   = $$('div.QuestionOuter').pop();\n  var input   = $$('div.QuestionOuter input').pop();\n\n  lastSep.style.display = lastQ.style.display = 'none';\n\n  var tstart = Cookie.readCookie('tstart');\n  if (tstart === null) {\n    Cookie.createCookie('tstart', time, 90);\n    var elapsed = 0;\n  } else {\n    var elapsed = time - tstart;\n  }\n\n  function checkRemainingTime() {\n    elapsed += 1000;\n    if (elapsed >= timelimit) {\n    input.value = \"1\";\n    $('NextButton').click();\n    }\n  }\n\n  setInterval(checkRemainingTime, 1000);\n});","DataExportTag":"Q85","QuestionType":"TE","Selector":"FORM","Configuration":{"QuestionDescriptionOption":"UseText"},"QuestionDescription":"Block 1 of 4\n\n \u00a0\n\n Please try to complete as many of these anagrams as you can. If\n you are not s...","Choices":{"1":{"Display":"praised"},"2":{"Display":"tacker"},"3":{"Display":"repartee"}},"ChoiceOrder":["1","2","3"],"Validation":{"Settings":{"ForceResponseType":"ON","Type":"None"}},"Language":[],"QuestionID":"QID77"}},{"SurveyID":"SV_b2wUskaQKWuSgvj","Element":"SQ","PrimaryAttribute":"QID121","SecondaryAttribute":"Block 2 of 4\n\n \u00a0\n\n Please complete as many anagrams as you can. If you are not sure\n of the right..","TertiaryAttribute":null,"Payload":{"QuestionText":"<p style=\"text-align: center\">\n\t<strong>Block 2 of 4<\/strong><\/p>\n<p>\n\t&nbsp;<\/p>\n<p>\n\tPlease complete as many anagrams as you can. If you are not sure of the right answer, please make your best guess and move on to the next question.<\/p>","QuestionJS":"Qualtrics.SurveyEngine.addOnload(function() {\n  \/*\n  * This goes on pages that need a time limit\n  *\/\n  var timelimit = 5 * (60 * 1000);\n  var time = new Date().getTime();\n\n  \/\/ not ideal, but dunno what JS lib they're using\n  var lastSep = $$('div.Separator').pop();\n  var lastQ   = $$('div.QuestionOuter').pop();\n  var input   = $$('div.QuestionOuter input').pop();\n\n  lastSep.style.display = lastQ.style.display = 'none';\n\n  var tstart = Cookie.readCookie('tstart');\n  if (tstart === null) {\n    Cookie.createCookie('tstart', time, 90);\n    var elapsed = 0;\n  } else {\n    var elapsed = time - tstart;\n  }\n\n  function checkRemainingTime() {\n    elapsed += 1000;\n    if (elapsed >= timelimit) {\n    input.value = \"1\";\n    $('NextButton').click();\n    }\n  }\n\n  setInterval(checkRemainingTime, 1000);\n});","DataExportTag":"Q60","QuestionType":"TE","Selector":"FORM","Configuration":{"QuestionDescriptionOption":"UseText"},"QuestionDescription":"Block 2 of 4\n\n \u00a0\n\n Please complete as many anagrams as you can. If you are not sure\n of the right...","Choices":{"1":{"Display":"backward"},"2":{"Display":"refining"},"3":{"Display":"covert"}},"ChoiceOrder":["1","2","3"],"Validation":{"Settings":{"ForceResponseType":"ON","Type":"None"}},"Language":[],"QuestionID":"QID121"}},{"SurveyID":"SV_b2wUskaQKWuSgvj","Element":"SQ","PrimaryAttribute":"QID81","SecondaryAttribute":"Block 2 of 4\n\n \u00a0\n\n Please try to complete as many of these anagrams as you can. If\n you are not s..","TertiaryAttribute":null,"Payload":{"QuestionText":"<P style=\"TEXT-ALIGN: center\"><STRONG>Block 2 of 4<\/STRONG><\/P>\r\n<P style=\"TEXT-ALIGN: center\">&nbsp;<\/P>\r\n<P>Please try to complete as many of these anagrams as you can. If you are not sure of the right answer, please make your best guess and move on to the next question.<\/P>","QuestionJS":"Qualtrics.SurveyEngine.addOnload(function() {\n  \/*\n  * This goes on pages that need a time limit\n  *\/\n  var timelimit = 5 * (60 * 1000);\n  var time = new Date().getTime();\n\n  \/\/ not ideal, but dunno what JS lib they're using\n  var lastSep = $$('div.Separator').pop();\n  var lastQ   = $$('div.QuestionOuter').pop();\n  var input   = $$('div.QuestionOuter input').pop();\n\n  lastSep.style.display = lastQ.style.display = 'none';\n\n  var tstart = Cookie.readCookie('tstart');\n  if (tstart === null) {\n    Cookie.createCookie('tstart', time, 90);\n    var elapsed = 0;\n  } else {\n    var elapsed = time - tstart;\n  }\n\n  function checkRemainingTime() {\n    elapsed += 1000;\n    if (elapsed >= timelimit) {\n    input.value = \"1\";\n    $('NextButton').click();\n    }\n  }\n\n  setInterval(checkRemainingTime, 1000);\n});","DataExportTag":"Q93","QuestionType":"TE","Selector":"FORM","Configuration":{"QuestionDescriptionOption":"UseText"},"QuestionDescription":"Block 2 of 4\n\n \u00a0\n\n Please try to complete as many of these anagrams as you can. If\n you are not s...","Choices":{"1":{"Display":"flirting"},"2":{"Display":"dispel"},"3":{"Display":"treason"}},"ChoiceOrder":["1","2","3"],"Validation":{"Settings":{"ForceResponseType":"ON","Type":"None"}},"Language":[],"QuestionID":"QID81"}},{"SurveyID":"SV_b2wUskaQKWuSgvj","Element":"SQ","PrimaryAttribute":"QID125","SecondaryAttribute":"Block 3 of 4\n\n \u00a0\n\n Please complete as many anagrams as you can. If you are not sure\n of the right..","TertiaryAttribute":null,"Payload":{"QuestionText":"<p style=\"text-align: center\">\n\t<strong>Block 3 of 4<\/strong><\/p>\n<p>\n\t&nbsp;<\/p>\n<p>\n\tPlease complete as many anagrams as you can. If you are not sure of the right answer, please make your best guess and move on to the next question.<\/p>","QuestionJS":"Qualtrics.SurveyEngine.addOnload(function() {\n  \/*\n  * This goes on pages that need a time limit\n  *\/\n  var timelimit = 5 * (60 * 1000);\n  var time = new Date().getTime();\n\n  \/\/ not ideal, but dunno what JS lib they're using\n  var lastSep = $$('div.Separator').pop();\n  var lastQ   = $$('div.QuestionOuter').pop();\n  var input   = $$('div.QuestionOuter input').pop();\n\n  lastSep.style.display = lastQ.style.display = 'none';\n\n  var tstart = Cookie.readCookie('tstart');\n  if (tstart === null) {\n    Cookie.createCookie('tstart', time, 90);\n    var elapsed = 0;\n  } else {\n    var elapsed = time - tstart;\n  }\n\n  function checkRemainingTime() {\n    elapsed += 1000;\n    if (elapsed >= timelimit) {\n    input.value = \"1\";\n    $('NextButton').click();\n    }\n  }\n\n  setInterval(checkRemainingTime, 1000);\n});","DataExportTag":"Q68","QuestionType":"TE","Selector":"FORM","Configuration":{"QuestionDescriptionOption":"UseText"},"QuestionDescription":"Block 3 of 4\n\n \u00a0\n\n Please complete as many anagrams as you can. If you are not sure\n of the right...","Choices":{"1":{"Display":"silting"},"2":{"Display":"relay"},"3":{"Display":"wreathes"}},"ChoiceOrder":["1","2","3"],"Validation":{"Settings":{"ForceResponseType":"ON","Type":"None"}},"Language":[],"QuestionID":"QID125"}},{"SurveyID":"SV_b2wUskaQKWuSgvj","Element":"SQ","PrimaryAttribute":"QID85","SecondaryAttribute":"Block 3 of 4\n\n \u00a0\n\n Please try to complete as many of these anagrams as you can. If\n you are not s..","TertiaryAttribute":null,"Payload":{"QuestionText":"<P style=\"TEXT-ALIGN: center\"><STRONG>Block 3 of 4<\/STRONG><\/P>\r\n<P style=\"TEXT-ALIGN: center\">&nbsp;<\/P>\r\n<P>Please try to complete as many of these anagrams as you can. If you are not sure of the right answer, please make your best guess and move on to the next question.<\/P>","QuestionJS":"Qualtrics.SurveyEngine.addOnload(function() {\n  \/*\n  * This goes on pages that need a time limit\n  *\/\n  var timelimit = 5 * (60 * 1000);\n  var time = new Date().getTime();\n\n  \/\/ not ideal, but dunno what JS lib they're using\n  var lastSep = $$('div.Separator').pop();\n  var lastQ   = $$('div.QuestionOuter').pop();\n  var input   = $$('div.QuestionOuter input').pop();\n\n  lastSep.style.display = lastQ.style.display = 'none';\n\n  var tstart = Cookie.readCookie('tstart');\n  if (tstart === null) {\n    Cookie.createCookie('tstart', time, 90);\n    var elapsed = 0;\n  } else {\n    var elapsed = time - tstart;\n  }\n\n  function checkRemainingTime() {\n    elapsed += 1000;\n    if (elapsed >= timelimit) {\n    input.value = \"1\";\n    $('NextButton').click();\n    }\n  }\n\n  setInterval(checkRemainingTime, 1000);\n});","DataExportTag":"Q101","QuestionType":"TE","Selector":"FORM","Configuration":{"QuestionDescriptionOption":"UseText"},"QuestionDescription":"Block 3 of 4\n\n \u00a0\n\n Please try to complete as many of these anagrams as you can. If\n you are not s...","Choices":{"1":{"Display":"imprints"},"2":{"Display":"relatives"},"3":{"Display":"present"}},"ChoiceOrder":["1","2","3"],"Validation":{"Settings":{"ForceResponseType":"ON","Type":"None"}},"Language":[],"QuestionID":"QID85"}},{"SurveyID":"SV_b2wUskaQKWuSgvj","Element":"SQ","PrimaryAttribute":"QID129","SecondaryAttribute":"Block 4 of 4\n\n \u00a0\n\n Please complete as many anagrams as you can. If you are not sure\n of the right..","TertiaryAttribute":null,"Payload":{"QuestionText":"<p style=\"text-align: center\">\n\t<strong>Block 4 of 4<\/strong><\/p>\n<p>\n\t&nbsp;<\/p>\n<p>\n\tPlease complete as many anagrams as you can. If you are not sure of the right answer, please make your best guess and move on to the next question.<\/p>","QuestionJS":"Qualtrics.SurveyEngine.addOnload(function() {\n  \/*\n  * This goes on pages that need a time limit\n  *\/\n  var timelimit = 5 * (60 * 1000);\n  var time = new Date().getTime();\n\n  \/\/ not ideal, but dunno what JS lib they're using\n  var lastSep = $$('div.Separator').pop();\n  var lastQ   = $$('div.QuestionOuter').pop();\n  var input   = $$('div.QuestionOuter input').pop();\n\n  lastSep.style.display = lastQ.style.display = 'none';\n\n  var tstart = Cookie.readCookie('tstart');\n  if (tstart === null) {\n    Cookie.createCookie('tstart', time, 90);\n    var elapsed = 0;\n  } else {\n    var elapsed = time - tstart;\n  }\n\n  function checkRemainingTime() {\n    elapsed += 1000;\n    if (elapsed >= timelimit) {\n    input.value = \"1\";\n    $('NextButton').click();\n    }\n  }\n\n  setInterval(checkRemainingTime, 1000);\n});","DataExportTag":"Q76","QuestionType":"TE","Selector":"FORM","Configuration":{"QuestionDescriptionOption":"UseText"},"QuestionDescription":"Block 4 of 4\n\n \u00a0\n\n Please complete as many anagrams as you can. If you are not sure\n of the right...","Choices":{"1":{"Display":"proteins"},"2":{"Display":"kitchen"},"3":{"Display":"vowels"}},"ChoiceOrder":["1","2","3"],"Validation":{"Settings":{"ForceResponseType":"ON","Type":"None"}},"Language":[],"QuestionID":"QID129"}},{"SurveyID":"SV_b2wUskaQKWuSgvj","Element":"SQ","PrimaryAttribute":"QID89","SecondaryAttribute":"Block 4 of 4\n\n \u00a0\n\n Please try to complete as many of these anagrams as you can. If\n you are not s..","TertiaryAttribute":null,"Payload":{"QuestionText":"<p style=\"TEXT-ALIGN: center\"><strong>Block 4 of 4<\/strong><\/p>\n<p style=\"TEXT-ALIGN: center\">&nbsp;<\/p>\n<p>Please try to complete as many of these anagrams as you can. If you are not sure of the right answer, please make your best guess and move on to the next question.<\/p>","QuestionJS":"Qualtrics.SurveyEngine.addOnload(function() {\n  \/*\n  * This goes on pages that need a time limit\n  *\/\n  var timelimit = 5 * (60 * 1000);\n  var time = new Date().getTime();\n\n  \/\/ not ideal, but dunno what JS lib they're using\n  var lastSep = $$('div.Separator').pop();\n  var lastQ   = $$('div.QuestionOuter').pop();\n  var input   = $$('div.QuestionOuter input').pop();\n\n  lastSep.style.display = lastQ.style.display = 'none';\n\n  var tstart = Cookie.readCookie('tstart');\n  if (tstart === null) {\n    Cookie.createCookie('tstart', time, 90);\n    var elapsed = 0;\n  } else {\n    var elapsed = time - tstart;\n  }\n\n  function checkRemainingTime() {\n    elapsed += 1000;\n    if (elapsed >= timelimit) {\n    input.value = \"1\";\n    $('NextButton').click();\n    }\n  }\n\n  setInterval(checkRemainingTime, 1000);\n});","DataExportTag":"Q109","QuestionType":"TE","Selector":"FORM","Configuration":{"QuestionDescriptionOption":"UseText"},"QuestionDescription":"Block 4 of 4\n\n \u00a0\n\n Please try to complete as many of these anagrams as you can. If\n you are not s...","Choices":{"1":{"Display":"hustling"},"2":{"Display":"articles"},"3":{"Display":"tablet"}},"ChoiceOrder":["1","2","3"],"Validation":{"Settings":{"ForceResponseType":"ON","Type":"None"}},"Language":[],"QuestionID":"QID89"}},{"SurveyID":"SV_b2wUskaQKWuSgvj","Element":"SQ","PrimaryAttribute":"QID113","SecondaryAttribute":"Click to write the question text","TertiaryAttribute":null,"Payload":{"QuestionText":"Click to write the question text","DataExportTag":"Q44","QuestionType":"MC","Selector":"SAVR","SubSelector":"TX","Configuration":{"QuestionDescriptionOption":"UseText"},"QuestionDescription":"Click to write the question text","Choices":{"1":{"Display":"Click to write Choice 1"},"2":{"Display":"Click to write Choice 2"},"3":{"Display":"Click to write Choice 3"}},"ChoiceOrder":["1","2","3"],"Validation":{"Settings":{"ForceResponse":"OFF","ForceResponseType":"ON","Type":"None"}},"Language":[],"QuestionID":"QID113"}},{"SurveyID":"SV_b2wUskaQKWuSgvj","Element":"RS","PrimaryAttribute":"RS_4VoKE42rg1JnNJz","SecondaryAttribute":"Default Response Set","TertiaryAttribute":null,"Payload":null},{"SurveyID":"SV_b2wUskaQKWuSgvj","Element":"SQ","PrimaryAttribute":"QID107","SecondaryAttribute":"Describe your mom in a couple of sentences:","TertiaryAttribute":null,"Payload":{"QuestionText":"Describe your mom in a couple of sentences:","DataExportTag":"Q44","QuestionType":"TE","Selector":"ML","Configuration":{"QuestionDescriptionOption":"UseText"},"QuestionDescription":"Describe your mom in a couple of sentences:","Validation":{"Settings":{"ForceResponse":"ON","ForceResponseType":"ON","Type":"None"}},"GradingData":[],"Language":[],"QuestionID":"QID107"}},{"SurveyID":"SV_b2wUskaQKWuSgvj","Element":"SQ","PrimaryAttribute":"QID108","SecondaryAttribute":"Describe your relationship with your mom in a couple of\n sentences:","TertiaryAttribute":null,"Payload":{"QuestionText":"<p>Describe\nyour relationship with your mom in a couple of sentences:<\/p>","DefaultChoices":false,"DataExportTag":"Q46","QuestionType":"TE","Selector":"ML","Configuration":{"QuestionDescriptionOption":"UseText"},"QuestionDescription":"Describe your relationship with your mom in a couple of\n sentences:","Validation":{"Settings":{"ForceResponse":"ON","ForceResponseType":"ON","Type":"None"}},"GradingData":[],"Language":[],"QuestionID":"QID108"}},{"SurveyID":"SV_b2wUskaQKWuSgvj","Element":"SQ","PrimaryAttribute":"QID73","SecondaryAttribute":"For this task, please try to complete as many anagrams as you\n can. You will have a maximum of 5...","TertiaryAttribute":null,"Payload":{"QuestionText":"<p>For\nthis task, please try to complete as many anagrams as you can. You\nwill have a maximum of 5 minutes to do this task. After 5 minutes the\nsurvey will move on.<\/p>\n<p>&nbsp;<\/p>\n<p>You\nwill be presented with blocks of three anagrams at a time. If you are\nnot sure of the right answer, feel free to make your best guess and\nto move on to the next question or block.<\/p>\n<p><br>\n<\/p>\n<p>Please\nnote, once you continue on to a new block of anagrams on a new page,\nyou will&nbsp;NOT&nbsp;be\nable to return to a previous block on a previous page.<\/p><p><br><\/p><p>Please click \"Continue\" for further instructions.<\/p>","DefaultChoices":false,"DataExportTag":"Q77","QuestionType":"DB","Selector":"TB","Configuration":{"QuestionDescriptionOption":"UseText"},"QuestionDescription":"For this task, please try to complete as many anagrams as you\n can. You will have a maximum of 5...","ChoiceOrder":[],"GradingData":[],"Language":[],"QuestionID":"QID73"}},{"SurveyID":"SV_b2wUskaQKWuSgvj","Element":"SQ","PrimaryAttribute":"QID105","SecondaryAttribute":"In this task, you will answer some questions about your mom.","TertiaryAttribute":null,"Payload":{"QuestionText":"<p>In this task, you will answer some questions about your mom.<\/p>","DefaultChoices":false,"DataExportTag":"Q40","QuestionType":"DB","Selector":"TB","Configuration":{"QuestionDescriptionOption":"UseText"},"QuestionDescription":"In this task, you will answer some questions about your mom.","ChoiceOrder":[],"GradingData":[],"Language":[],"QuestionID":"QID105"}},{"SurveyID":"SV_b2wUskaQKWuSgvj","Element":"SQ","PrimaryAttribute":"QID75","SecondaryAttribute":"Other high school students have completed Part 1 of the Word\n Puzzle Task in the past. After you...","TertiaryAttribute":null,"Payload":{"QuestionText":"<p>Other high school students have completed Part 1 of the Word Puzzle Task in the past. After you do the Word Puzzle Task Part 1, you will be given feedback on how you performed relative to other students who did this task. Part 2 of the Word Puzzle Task is new, however, so you will not receive feedback on that part of the task.<\/p><p><br><\/p><p>Please click \u201cContinue\u201d&nbsp;to begin the practice blocks.<\/p>","DefaultChoices":false,"DataExportTag":"Q81","QuestionType":"DB","Selector":"TB","Configuration":{"QuestionDescriptionOption":"UseText"},"QuestionDescription":"Other high school students have completed Part 1 of the Word\n Puzzle Task in the past. After you...","ChoiceOrder":[],"GradingData":[],"Language":[],"QuestionID":"QID75"}},{"SurveyID":"SV_b2wUskaQKWuSgvj","Element":"SQ","PrimaryAttribute":"QID97","SecondaryAttribute":"Please answer the following questions about your experience with\nthe Word Puzzle Task Part 1 and...","TertiaryAttribute":null,"Payload":{"QuestionText":"Please answer the following questions about your experience with the Word Puzzle Task Part 1 and how well you did on the task. There are no right or wrong answers.","QuestionJS":false,"DefaultChoices":false,"DataExportTag":"Q125","QuestionType":"DB","Selector":"TB","Configuration":{"QuestionDescriptionOption":"UseText"},"QuestionDescription":"Please answer the following questions about your experience with\nthe Word Puzzle Task Part 1 and...","ChoiceOrder":[],"GradingData":[],"Language":[],"QuestionID":"QID97"}},{"SurveyID":"SV_b2wUskaQKWuSgvj","Element":"SQ","PrimaryAttribute":"QID90","SecondaryAttribute":"Please click \"Continue\" to finish this task. You will not be able\n to return to this block.","TertiaryAttribute":null,"Payload":{"QuestionText":"<p>Please click \"Continue\" to finish this task. You will not be able to return to this block.<\/p>","DataExportTag":"Q111","QuestionType":"DB","Selector":"TB","Configuration":{"QuestionDescriptionOption":"UseText"},"QuestionDescription":"Please click \"Continue\" to finish this task. You will not be able\n to return to this block.","ChoiceOrder":[],"GradingData":[],"Language":[],"QuestionID":"QID90"}},{"SurveyID":"SV_b2wUskaQKWuSgvj","Element":"SQ","PrimaryAttribute":"QID130","SecondaryAttribute":"Please click \"continue\" to finish this task. You will not be able\nto return to this block.","TertiaryAttribute":null,"Payload":{"QuestionText":"Please click \"continue\" to finish this task. You will not be able to return to this block.","DataExportTag":"Q78","QuestionType":"DB","Selector":"TB","Configuration":{"QuestionDescriptionOption":"UseText"},"QuestionDescription":"Please click \"continue\" to finish this task. You will not be able\nto return to this block.","ChoiceOrder":[],"GradingData":[],"Language":[],"QuestionID":"QID130"}},{"SurveyID":"SV_b2wUskaQKWuSgvj","Element":"SQ","PrimaryAttribute":"QID78","SecondaryAttribute":"Please click \"Continue\" to move on to Block 2. You will not be able\nto return to this block.","TertiaryAttribute":null,"Payload":{"QuestionText":"Please click \"Continue\" to move on to Block 2. You will not be able to return to this block.","DataExportTag":"Q87","QuestionType":"DB","Selector":"TB","Configuration":{"QuestionDescriptionOption":"UseText"},"QuestionDescription":"Please click \"Continue\" to move on to Block 2. You will not be able\nto return to this block.","ChoiceOrder":[],"GradingData":[],"Language":[],"QuestionID":"QID78"}},{"SurveyID":"SV_b2wUskaQKWuSgvj","Element":"SQ","PrimaryAttribute":"QID118","SecondaryAttribute":"Please click \"Continue\" to move on to Block 2. You will not be able\nto return to this block.","TertiaryAttribute":null,"Payload":{"QuestionText":"Please click \"Continue\" to move on to Block 2. You will not be able to return to this block.","DataExportTag":"Q54","QuestionType":"DB","Selector":"TB","Configuration":{"QuestionDescriptionOption":"UseText"},"QuestionDescription":"Please click \"Continue\" to move on to Block 2. You will not be able\nto return to this block.","ChoiceOrder":[],"GradingData":[],"Language":[],"QuestionID":"QID118"}},{"SurveyID":"SV_b2wUskaQKWuSgvj","Element":"SQ","PrimaryAttribute":"QID82","SecondaryAttribute":"Please click \"Continue\" to move on to Block 3. You will not be\n able to return to this block.","TertiaryAttribute":null,"Payload":{"QuestionText":"<p>Please click \"Continue\" to move on to Block 3. You will not be able to return to this block.<\/p>","DataExportTag":"Q95","QuestionType":"DB","Selector":"TB","Configuration":{"QuestionDescriptionOption":"UseText"},"QuestionDescription":"Please click \"Continue\" to move on to Block 3. You will not be\n able to return to this block.","ChoiceOrder":[],"GradingData":[],"Language":[],"QuestionID":"QID82"}},{"SurveyID":"SV_b2wUskaQKWuSgvj","Element":"SQ","PrimaryAttribute":"QID122","SecondaryAttribute":"Please click \"continue\" to move on to Block 3. You will not be able\nto return to this block.","TertiaryAttribute":null,"Payload":{"QuestionText":"Please click \"continue\" to move on to Block 3. You will not be able to return to this block.","DataExportTag":"Q62","QuestionType":"DB","Selector":"TB","Configuration":{"QuestionDescriptionOption":"UseText"},"QuestionDescription":"Please click \"continue\" to move on to Block 3. You will not be able\nto return to this block.","ChoiceOrder":[],"GradingData":[],"Language":[],"QuestionID":"QID122"}},{"SurveyID":"SV_b2wUskaQKWuSgvj","Element":"SQ","PrimaryAttribute":"QID86","SecondaryAttribute":"Please click \"Continue\" to move on to Block 4. You will not be\n able to return to this block.","TertiaryAttribute":null,"Payload":{"QuestionText":"<p>Please click \"Continue\" to move on to Block 4. You will not be able to return to this block.<\/p>","DataExportTag":"Q103","QuestionType":"DB","Selector":"TB","Configuration":{"QuestionDescriptionOption":"UseText"},"QuestionDescription":"Please click \"Continue\" to move on to Block 4. You will not be\n able to return to this block.","ChoiceOrder":[],"GradingData":[],"Language":[],"QuestionID":"QID86"}},{"SurveyID":"SV_b2wUskaQKWuSgvj","Element":"SQ","PrimaryAttribute":"QID126","SecondaryAttribute":"Please click \"continue\" to move on to Block 4. You will not be able\nto return to this block.","TertiaryAttribute":null,"Payload":{"QuestionText":"Please click \"continue\" to move on to Block 4. You will not be able to return to this block.","DataExportTag":"Q70","QuestionType":"DB","Selector":"TB","Configuration":{"QuestionDescriptionOption":"UseText"},"QuestionDescription":"Please click \"continue\" to move on to Block 4. You will not be able\nto return to this block.","ChoiceOrder":[],"GradingData":[],"Language":[],"QuestionID":"QID126"}},{"SurveyID":"SV_b2wUskaQKWuSgvj","Element":"SQ","PrimaryAttribute":"QID109","SecondaryAttribute":"Please click \"Continue\" to move on.","TertiaryAttribute":null,"Payload":{"QuestionText":"<p>Please\nclick \"Continue\" to move on.<\/p>","DefaultChoices":false,"DataExportTag":"Q48","QuestionType":"DB","Selector":"TB","Configuration":{"QuestionDescriptionOption":"UseText"},"QuestionDescription":"Please click \"Continue\" to move on.","ChoiceOrder":[],"GradingData":[],"Language":[],"QuestionID":"QID109"}},{"SurveyID":"SV_b2wUskaQKWuSgvj","Element":"SQ","PrimaryAttribute":"QID101","SecondaryAttribute":"Please click \u201cContinue\u201d to move on.","TertiaryAttribute":null,"Payload":{"QuestionText":"<p>Please\nclick \u201cContinue\u201d\nto move on.<\/p>","DefaultChoices":false,"DataExportTag":"Q133","QuestionType":"DB","Selector":"TB","Configuration":{"QuestionDescriptionOption":"UseText"},"QuestionDescription":"Please click \u201cContinue\u201d to move on.","ChoiceOrder":[],"GradingData":[],"Language":[],"QuestionID":"QID101"}},{"SurveyID":"SV_b2wUskaQKWuSgvj","Element":"SQ","PrimaryAttribute":"QID112","SecondaryAttribute":"Please click \u201cContinue\u201d to move on.","TertiaryAttribute":null,"Payload":{"QuestionText":"<p>Please\nclick \u201cContinue\u201d\nto move on.<\/p>","DefaultChoices":false,"DataExportTag":"Q54","QuestionType":"DB","Selector":"TB","Configuration":{"QuestionDescriptionOption":"UseText"},"QuestionDescription":"Please click \u201cContinue\u201d to move on.","ChoiceOrder":[],"GradingData":[],"Language":[],"QuestionID":"QID112"}},{"SurveyID":"SV_b2wUskaQKWuSgvj","Element":"SQ","PrimaryAttribute":"QID137","SecondaryAttribute":"Please click \u201cContinue\u201d to move on.","TertiaryAttribute":null,"Payload":{"QuestionText":"<p>Please\nclick \u201cContinue\u201d\nto move on.<\/p>","DefaultChoices":false,"DataExportTag":"Q92","QuestionType":"DB","Selector":"TB","Configuration":{"QuestionDescriptionOption":"UseText"},"QuestionDescription":"Please click \u201cContinue\u201d to move on.","ChoiceOrder":[],"GradingData":[],"Language":[],"QuestionID":"QID137"}},{"SurveyID":"SV_b2wUskaQKWuSgvj","Element":"SQ","PrimaryAttribute":"QID70","SecondaryAttribute":"Timing","TertiaryAttribute":null,"Payload":{"QuestionText":"Timing","DefaultChoices":false,"DataExportTag":"Q71","QuestionType":"Timing","Selector":"PageTimer","Configuration":{"QuestionDescriptionOption":"UseText"},"QuestionDescription":"Timing","Choices":{"1":{"Display":"First Click"},"2":{"Display":"Last Click"},"3":{"Display":"Page Submit"},"4":{"Display":"Click Count"}},"GradingData":[],"Language":[],"QuestionID":"QID70"}},{"SurveyID":"SV_b2wUskaQKWuSgvj","Element":"SQ","PrimaryAttribute":"QID72","SecondaryAttribute":"Timing","TertiaryAttribute":null,"Payload":{"QuestionText":"Timing","DefaultChoices":false,"DataExportTag":"Q75","QuestionType":"Timing","Selector":"PageTimer","Configuration":{"QuestionDescriptionOption":"UseText"},"QuestionDescription":"Timing","Choices":{"1":{"Display":"First Click"},"2":{"Display":"Last Click"},"3":{"Display":"Page Submit"},"4":{"Display":"Click Count"}},"GradingData":[],"Language":[],"QuestionID":"QID72"}},{"SurveyID":"SV_b2wUskaQKWuSgvj","Element":"SQ","PrimaryAttribute":"QID74","SecondaryAttribute":"Timing","TertiaryAttribute":null,"Payload":{"QuestionText":"Timing","DefaultChoices":false,"DataExportTag":"Q79","QuestionType":"Timing","Selector":"PageTimer","Configuration":{"QuestionDescriptionOption":"UseText"},"QuestionDescription":"Timing","Choices":{"1":{"Display":"First Click"},"2":{"Display":"Last Click"},"3":{"Display":"Page Submit"},"4":{"Display":"Click Count"}},"GradingData":[],"Language":[],"QuestionID":"QID74"}},{"SurveyID":"SV_b2wUskaQKWuSgvj","Element":"SQ","PrimaryAttribute":"QID76","SecondaryAttribute":"Timing","TertiaryAttribute":null,"Payload":{"QuestionText":"Timing","DefaultChoices":false,"DataExportTag":"Q83","QuestionType":"Timing","Selector":"PageTimer","Configuration":{"QuestionDescriptionOption":"UseText"},"QuestionDescription":"Timing","Choices":{"1":{"Display":"First Click"},"2":{"Display":"Last Click"},"3":{"Display":"Page Submit"},"4":{"Display":"Click Count"}},"GradingData":[],"Language":[],"QuestionID":"QID76"}},{"SurveyID":"SV_b2wUskaQKWuSgvj","Element":"SQ","PrimaryAttribute":"QID80","SecondaryAttribute":"Timing","TertiaryAttribute":null,"Payload":{"QuestionText":"Timing","DefaultChoices":false,"DataExportTag":"Q91","QuestionType":"Timing","Selector":"PageTimer","Configuration":{"QuestionDescriptionOption":"UseText"},"QuestionDescription":"Timing","Choices":{"1":{"Display":"First Click"},"2":{"Display":"Last Click"},"3":{"Display":"Page Submit"},"4":{"Display":"Click Count"}},"GradingData":[],"Language":[],"QuestionID":"QID80"}},{"SurveyID":"SV_b2wUskaQKWuSgvj","Element":"SQ","PrimaryAttribute":"QID84","SecondaryAttribute":"Timing","TertiaryAttribute":null,"Payload":{"QuestionText":"Timing","DefaultChoices":false,"DataExportTag":"Q99","QuestionType":"Timing","Selector":"PageTimer","Configuration":{"QuestionDescriptionOption":"UseText"},"QuestionDescription":"Timing","Choices":{"1":{"Display":"First Click"},"2":{"Display":"Last Click"},"3":{"Display":"Page Submit"},"4":{"Display":"Click Count"}},"GradingData":[],"Language":[],"QuestionID":"QID84"}},{"SurveyID":"SV_b2wUskaQKWuSgvj","Element":"SQ","PrimaryAttribute":"QID88","SecondaryAttribute":"Timing","TertiaryAttribute":null,"Payload":{"QuestionText":"Timing","DefaultChoices":false,"DataExportTag":"Q107","QuestionType":"Timing","Selector":"PageTimer","Configuration":{"QuestionDescriptionOption":"UseText"},"QuestionDescription":"Timing","Choices":{"1":{"Display":"First Click"},"2":{"Display":"Last Click"},"3":{"Display":"Page Submit"},"4":{"Display":"Click Count"}},"GradingData":[],"Language":[],"QuestionID":"QID88"}},{"SurveyID":"SV_b2wUskaQKWuSgvj","Element":"SQ","PrimaryAttribute":"QID92","SecondaryAttribute":"Timing","TertiaryAttribute":null,"Payload":{"QuestionText":"Timing","DefaultChoices":false,"DataExportTag":"Q115","QuestionType":"Timing","Selector":"PageTimer","Configuration":{"QuestionDescriptionOption":"UseText","MinSeconds":12},"QuestionDescription":"Timing","Choices":{"1":{"Display":"First Click"},"2":{"Display":"Last Click"},"3":{"Display":"Page Submit"},"4":{"Display":"Click Count"}},"GradingData":[],"Language":[],"QuestionID":"QID92"}},{"SurveyID":"SV_b2wUskaQKWuSgvj","Element":"SQ","PrimaryAttribute":"QID94","SecondaryAttribute":"Timing","TertiaryAttribute":null,"Payload":{"QuestionText":"Timing","DefaultChoices":false,"DataExportTag":"Q119","QuestionType":"Timing","Selector":"PageTimer","Configuration":{"QuestionDescriptionOption":"UseText"},"QuestionDescription":"Timing","Choices":{"1":{"Display":"First Click"},"2":{"Display":"Last Click"},"3":{"Display":"Page Submit"},"4":{"Display":"Click Count"}},"GradingData":[],"Language":[],"QuestionID":"QID94"}},{"SurveyID":"SV_b2wUskaQKWuSgvj","Element":"SQ","PrimaryAttribute":"QID96","SecondaryAttribute":"Timing","TertiaryAttribute":null,"Payload":{"QuestionText":"Timing","DefaultChoices":false,"DataExportTag":"Q123","QuestionType":"Timing","Selector":"PageTimer","Configuration":{"QuestionDescriptionOption":"UseText"},"QuestionDescription":"Timing","Choices":{"1":{"Display":"First Click"},"2":{"Display":"Last Click"},"3":{"Display":"Page Submit"},"4":{"Display":"Click Count"}},"GradingData":[],"Language":[],"QuestionID":"QID96"}},{"SurveyID":"SV_b2wUskaQKWuSgvj","Element":"SQ","PrimaryAttribute":"QID102","SecondaryAttribute":"Timing","TertiaryAttribute":null,"Payload":{"QuestionText":"Timing","DefaultChoices":false,"DataExportTag":"Q34","QuestionType":"Timing","Selector":"PageTimer","Configuration":{"QuestionDescriptionOption":"UseText"},"QuestionDescription":"Timing","Choices":{"1":{"Display":"First Click"},"2":{"Display":"Last Click"},"3":{"Display":"Page Submit"},"4":{"Display":"Click Count"}},"GradingData":[],"Language":[],"QuestionID":"QID102"}},{"SurveyID":"SV_b2wUskaQKWuSgvj","Element":"SQ","PrimaryAttribute":"QID104","SecondaryAttribute":"Timing","TertiaryAttribute":null,"Payload":{"QuestionText":"Timing","DefaultChoices":false,"DataExportTag":"Q38","QuestionType":"Timing","Selector":"PageTimer","Configuration":{"QuestionDescriptionOption":"UseText"},"QuestionDescription":"Timing","Choices":{"1":{"Display":"First Click"},"2":{"Display":"Last Click"},"3":{"Display":"Page Submit"},"4":{"Display":"Click Count"}},"GradingData":[],"Language":[],"QuestionID":"QID104"}},{"SurveyID":"SV_b2wUskaQKWuSgvj","Element":"SQ","PrimaryAttribute":"QID110","SecondaryAttribute":"Timing","TertiaryAttribute":null,"Payload":{"QuestionText":"Timing","DefaultChoices":false,"DataExportTag":"Q50","QuestionType":"Timing","Selector":"PageTimer","Configuration":{"QuestionDescriptionOption":"UseText"},"QuestionDescription":"Timing","Choices":{"1":{"Display":"First Click"},"2":{"Display":"Last Click"},"3":{"Display":"Page Submit"},"4":{"Display":"Click Count"}},"GradingData":[],"Language":[],"QuestionID":"QID110"}},{"SurveyID":"SV_b2wUskaQKWuSgvj","Element":"SQ","PrimaryAttribute":"QID114","SecondaryAttribute":"Timing","TertiaryAttribute":null,"Payload":{"QuestionText":"Timing","DefaultChoices":false,"DataExportTag":"Q46","QuestionType":"Timing","Selector":"PageTimer","Configuration":{"QuestionDescriptionOption":"UseText"},"QuestionDescription":"Timing","Choices":{"1":{"Display":"First Click"},"2":{"Display":"Last Click"},"3":{"Display":"Page Submit"},"4":{"Display":"Click Count"}},"GradingData":[],"Language":[],"QuestionID":"QID114"}},{"SurveyID":"SV_b2wUskaQKWuSgvj","Element":"SQ","PrimaryAttribute":"QID116","SecondaryAttribute":"Timing","TertiaryAttribute":null,"Payload":{"QuestionText":"Timing","DefaultChoices":false,"DataExportTag":"Q50","QuestionType":"Timing","Selector":"PageTimer","Configuration":{"QuestionDescriptionOption":"UseText"},"QuestionDescription":"Timing","Choices":{"1":{"Display":"First Click"},"2":{"Display":"Last Click"},"3":{"Display":"Page Submit"},"4":{"Display":"Click Count"}},"GradingData":[],"Language":[],"QuestionID":"QID116"}},{"SurveyID":"SV_b2wUskaQKWuSgvj","Element":"SQ","PrimaryAttribute":"QID120","SecondaryAttribute":"Timing","TertiaryAttribute":null,"Payload":{"QuestionText":"Timing","DefaultChoices":false,"DataExportTag":"Q58","QuestionType":"Timing","Selector":"PageTimer","Configuration":{"QuestionDescriptionOption":"UseText"},"QuestionDescription":"Timing","Choices":{"1":{"Display":"First Click"},"2":{"Display":"Last Click"},"3":{"Display":"Page Submit"},"4":{"Display":"Click Count"}},"GradingData":[],"Language":[],"QuestionID":"QID120"}},{"SurveyID":"SV_b2wUskaQKWuSgvj","Element":"SQ","PrimaryAttribute":"QID124","SecondaryAttribute":"Timing","TertiaryAttribute":null,"Payload":{"QuestionText":"Timing","DefaultChoices":false,"DataExportTag":"Q66","QuestionType":"Timing","Selector":"PageTimer","Configuration":{"QuestionDescriptionOption":"UseText"},"QuestionDescription":"Timing","Choices":{"1":{"Display":"First Click"},"2":{"Display":"Last Click"},"3":{"Display":"Page Submit"},"4":{"Display":"Click Count"}},"GradingData":[],"Language":[],"QuestionID":"QID124"}},{"SurveyID":"SV_b2wUskaQKWuSgvj","Element":"SQ","PrimaryAttribute":"QID128","SecondaryAttribute":"Timing","TertiaryAttribute":null,"Payload":{"QuestionText":"Timing","DefaultChoices":false,"DataExportTag":"Q74","QuestionType":"Timing","Selector":"PageTimer","Configuration":{"QuestionDescriptionOption":"UseText"},"QuestionDescription":"Timing","Choices":{"1":{"Display":"First Click"},"2":{"Display":"Last Click"},"3":{"Display":"Page Submit"},"4":{"Display":"Click Count"}},"GradingData":[],"Language":[],"QuestionID":"QID128"}},{"SurveyID":"SV_b2wUskaQKWuSgvj","Element":"SQ","PrimaryAttribute":"QID132","SecondaryAttribute":"Timing","TertiaryAttribute":null,"Payload":{"QuestionText":"Timing","DefaultChoices":false,"DataExportTag":"Q82","QuestionType":"Timing","Selector":"PageTimer","Configuration":{"QuestionDescriptionOption":"UseText"},"QuestionDescription":"Timing","Choices":{"1":{"Display":"First Click"},"2":{"Display":"Last Click"},"3":{"Display":"Page Submit"},"4":{"Display":"Click Count"}},"GradingData":[],"Language":[],"QuestionID":"QID132"}},{"SurveyID":"SV_b2wUskaQKWuSgvj","Element":"SQ","PrimaryAttribute":"QID106","SecondaryAttribute":"Type your mom's initials here:","TertiaryAttribute":null,"Payload":{"QuestionText":"Type your mom's initials here:","DataExportTag":"Q42","QuestionType":"TE","Selector":"SL","Configuration":{"QuestionDescriptionOption":"UseText"},"QuestionDescription":"Type your mom's initials here:","Validation":{"Settings":{"ForceResponse":"OFF","ForceResponseType":"ON","Type":"None"}},"GradingData":[],"Language":[],"QuestionID":"QID106"}},{"SurveyID":"SV_b2wUskaQKWuSgvj","Element":"SQ","PrimaryAttribute":"QID111","SecondaryAttribute":"Which would your mom choose for you? (Select one in each row)","TertiaryAttribute":null,"Payload":{"QuestionText":"<p>Which would your mom choose for you? (Select one in each row)<\/p><p><br><\/p>","DefaultChoices":false,"DataExportTag":"Q52","QuestionType":"Matrix","Selector":"Bipolar","Configuration":{"QuestionDescriptionOption":"UseText","TextPosition":"inline","ChoiceColumnWidth":25},"QuestionDescription":"Which would your mom choose for you? (Select one in each row)","Choices":{"1":{"Display":"Morning:Night"},"2":{"Display":"Apple:Banana"},"3":{"Display":"Glasses:Contacts"},"4":{"Display":"Jeans:Khakis"},"5":{"Display":"Basketball:Football"},"6":{"Display":"Mac:PC"},"7":{"Display":"Neat:Messy"},"8":{"Display":"Magazine:Newspaper"},"9":{"Display":"Coke:Pepsi"},"10":{"Display":"Curly:Straight"},"11":{"Display":"Read:Write"},"12":{"Display":"Powerbar:Clif bar"},"13":{"Display":"Walking:Biking"},"14":{"Display":"San Francisco:San Jose"},"15":{"Display":"Fiction:Non-fiction"},"16":{"Display":"Liberal:Conservative"},"17":{"Display":"Apple juice:Orange juice"},"18":{"Display":"Email:Telephone"},"20":{"Display":"Google:Yahoo"},"21":{"Display":"Piano:Guitar"},"22":{"Display":"Tea:Coffee"},"23":{"Display":"Pizza:Ravioli"},"24":{"Display":"Friday:Saturday"},"25":{"Display":"Fall:Spring"},"26":{"Display":"Casual:Dressed up"},"27":{"Display":"Skim:2%"},"28":{"Display":"Television:Radio"}},"ChoiceOrder":[1,2,3,4,5,6,7,8,9,10,11,12,13,14,15,16,17,18,20,21,22,23,24,25,26,27,28],"Validation":{"Settings":{"ForceResponse":"ON","ForceResponseType":"ON"}},"GradingData":[],"Language":[],"Answers":{"1":{"Display":"1"},"2":{"Display":"2"}},"AnswerOrder":[1,2],"AnswerColumns":2,"ChoiceDataExportTags":false,"QuestionID":"QID111"}},{"SurveyID":"SV_b2wUskaQKWuSgvj","Element":"SQ","PrimaryAttribute":"QID71","SecondaryAttribute":"Word Puzzle Task Part 1\n \u00a0\n\n In this task, you will complete a series of word puzzles commonly\n r..","TertiaryAttribute":null,"Payload":{"QuestionText":"<p style=\"text-align: center; \">\n\tWord Puzzle Task Part 1<br \/>\n\t&nbsp;<\/p>\n<p>\n\tIn this task, you will complete a series of word puzzles commonly referred to as &ldquo;anagrams.&rdquo; An anagram is a word that is formed by reordering <strong>ALL of the letters&nbsp;<\/strong>of another word.<\/p>\n<p>\n\t&nbsp;<\/p>\n<p>\n\t&nbsp;<\/p>\n<p>\n\tPlease look at the sample items below and then click continue.<\/p>\n<p>\n\t&nbsp;<\/p>\n<p>\n\t&nbsp;<\/p>\n<p>\n\tExample 1: &nbsp;&nbsp;&nbsp; lasting&nbsp;&nbsp;&nbsp;&nbsp; &nbsp;&nbsp;&nbsp;&nbsp;&nbsp;&nbsp;&nbsp;&nbsp; answer: <u>&nbsp;&nbsp; &nbsp; &nbsp; &nbsp; &nbsp;salting &nbsp; &nbsp; &nbsp; &nbsp; &nbsp;<\/u><\/p>\n<p>\n\t&nbsp;<\/p>\n<p>\n\tExample 2:&nbsp;&nbsp;&nbsp;&nbsp; swing&nbsp;&nbsp;&nbsp;&nbsp; &nbsp;&nbsp;&nbsp;&nbsp;&nbsp;&nbsp;&nbsp;&nbsp;&nbsp; answer: &nbsp;<u>&nbsp;&nbsp; &nbsp; &nbsp; &nbsp; &nbsp;wings &nbsp; &nbsp; &nbsp; &nbsp; &nbsp;&nbsp;<\/u><\/p>\n<p>\n\t&nbsp;<\/p>\n<p>\n\t&nbsp;<\/p>\n<p>\n\tPlease click &ldquo;Continue&rdquo; for further instructions.<\/p>","DataExportTag":"Q73","QuestionType":"DB","Selector":"TB","Configuration":{"QuestionDescriptionOption":"UseText"},"QuestionDescription":"Word Puzzle Task Part 1\n \u00a0\n\n In this task, you will complete a series of word puzzles commonly\n r...","ChoiceOrder":[],"Language":[],"QuestionID":"QID71","QuestionJS":"Qualtrics.SurveyEngine.addOnload(function()\n{\n\/*\n* This goes on the page user gets directed to after the time limit\n*\/\nCookie.eraseCookie('tstart');\n});"}},{"SurveyID":"SV_b2wUskaQKWuSgvj","Element":"SQ","PrimaryAttribute":"QID95","SecondaryAttribute":"Word Puzzle Task Part 1: Results\n\n \u00a0\n\n Compared to other students who have done this part of the...","TertiaryAttribute":null,"Payload":{"QuestionText":"<p style=\"text-align: center; \">\n\tWord Puzzle Task Part 1: Results<\/p>\n<p>\n\t&nbsp;<\/p>\n<p style=\"text-align: center; \">\n\tCompared to other students who have done this part of the Word Puzzle Task<\/p><p style=\"text-align: center; \">in the past,&nbsp;you have scored<\/p>\n<p style=\"text-align: center; \">\n\t&nbsp;<\/p><p style=\"text-align: center; \"><br><\/p><p style=\"text-align: center; \"><br><\/p>\n<p style=\"text-align: center; \">\n\t<span style=\"color:#ff0000;\"><span style=\"font-size:16px;\"><u><strong>WELL BELOW AVERAGE.<\/strong><\/u><\/span><\/span><\/p>\n<p>\n\t<br>\n\t<br><\/p><p><br>\n\t<br>\n\tPlease click \u201cContinue\u201d to answer a couple of questions about your experience with this task.<\/p>","DefaultChoices":false,"DataExportTag":"Q121","QuestionType":"DB","Selector":"TB","Configuration":{"QuestionDescriptionOption":"UseText"},"QuestionDescription":"Word Puzzle Task Part 1: Results\n\n \u00a0\n\n Compared to other students who have done this part of the...","ChoiceOrder":[],"GradingData":[],"Language":[],"QuestionID":"QID95"}},{"SurveyID":"SV_b2wUskaQKWuSgvj","Element":"SQ","PrimaryAttribute":"QID103","SecondaryAttribute":"You have completed the first part of the Word Puzzle Task.\u00a0\n\n \n Now you will complete the Mother...","TertiaryAttribute":null,"Payload":{"QuestionText":"<p>You have completed the first part of\nthe Word Puzzle Task.&nbsp;<\/p><p><br><\/p><p>Now you will complete the Mother Preferences Task that the computer has selected for you to do.<\/p><p><br><\/p><p>Please click \u201cContinue\u201d to begin\nthe task.<\/p><p><\/p>","DefaultChoices":false,"DataExportTag":"Q36","QuestionType":"DB","Selector":"TB","Configuration":{"QuestionDescriptionOption":"UseText"},"QuestionDescription":"You have completed the first part of the Word Puzzle Task.\u00a0\n\n \n Now you will complete the Mother...","ChoiceOrder":[],"GradingData":[],"Language":[],"QuestionID":"QID103"}},{"SurveyID":"SV_b2wUskaQKWuSgvj","Element":"SQ","PrimaryAttribute":"QID93","SecondaryAttribute":"You have now completed the Word Puzzle Task Part 1.\n\n \n The computer will now calculate how well...","TertiaryAttribute":null,"Payload":{"QuestionText":"<p>You have now completed the Word Puzzle Task\nPart 1.<\/p><p><\/p><p><br><\/p><p>The\ncomputer will now calculate how well you have done and show you how\nwell you did in relation to others who have done this task in the\npast.<\/p><p><br><\/p>\n<p>Please\nwait while the computer calculates your score. . . .<\/p>\n<p><br>\n<\/p>\n<p>When the computer has finished\ncalculating your score, the Continue button will\nappear. When it appears, click \u201cContinue\u201d to see how well you\ndid.<\/p>","QuestionJS":"Qualtrics.SurveyEngine.addOnload(function()\n{\n\/*\n* This goes on the page user gets directed to after the time limit\n*\/\nCookie.eraseCookie('tstart');\n});","DefaultChoices":false,"DataExportTag":"Q117","QuestionType":"DB","Selector":"TB","Configuration":{"QuestionDescriptionOption":"UseText"},"QuestionDescription":"You have now completed the Word Puzzle Task Part 1.\n\n \n The computer will now calculate how well...","ChoiceOrder":[],"GradingData":[],"Language":[],"QuestionID":"QID93"}},{"SurveyID":"SV_b2wUskaQKWuSgvj","Element":"SQ","PrimaryAttribute":"QID133","SecondaryAttribute":"You have now completed the Word Puzzle Task Part 2.\n \n Please answer the following questions abou...","TertiaryAttribute":null,"Payload":{"QuestionText":"You have now completed the Word Puzzle Task Part 2.<div><br><\/div><div>Please answer the following questions about your experience with the Word Puzzle Task Part 2 and how well you did on the task. There are no right or wrong answers.<\/div>","QuestionJS":"Qualtrics.SurveyEngine.addOnload(function()\n{\n\/*\n* This goes on the page user gets directed to after the time limit\n*\/\nCookie.eraseCookie('tstart');\n});","DefaultChoices":false,"DataExportTag":"Q84","QuestionType":"DB","Selector":"TB","Configuration":{"QuestionDescriptionOption":"UseText"},"QuestionDescription":"You have now completed the Word Puzzle Task Part 2.\n \n Please answer the following questions abou...","ChoiceOrder":[],"GradingData":[],"Language":[],"QuestionID":"QID133"}}]}